{
  "name": "cdri-data-hub",
  "lockfileVersion": 3,
  "requires": true,
  "packages": {
    "": {
      "dependencies": {
        "ag-grid-community": "^33.2.1"
      }
    },
    "node_modules/ag-charts-types": {
      "version": "11.2.1",
      "resolved": "https://registry.npmjs.org/ag-charts-types/-/ag-charts-types-11.2.1.tgz",
      "integrity": "sha512-uzN1OUEn5nCFDZ4GTNkYHpg+6hbF+NamIwUOK/aSHBRvJxJU9/sK+K1QkqYpU912mHtpAZ9x0zEddr2sw6pT2Q==",
      "license": "MIT"
    },
    "node_modules/ag-grid-community": {
      "version": "33.2.1",
      "resolved": "https://registry.npmjs.org/ag-grid-community/-/ag-grid-community-33.2.1.tgz",
      "integrity": "sha512-eQVRv+x8C3+T2weBux7Y+SN6IMs4lYJjTmNSfm/OX3ANH3GsscvqRiOxoV/R+hQWL7GUXOCLPZHFzZpzSdk0xg==",
      "license": "MIT",
      "dependencies": {
        "ag-charts-types": "11.2.1"
      }
    }
  }
}
